
Microsoft Visual Studio Solution File, Format Version 12.00
# Visual Studio Version 16
VisualStudioVersion = 25.0.1704.3
MinimumVisualStudioVersion = 10.0.40219.1
Project("{FAE04EC0-301F-11D3-BF4B-00C04F79EFBC}") = "ShoppingAPI", "ShoppingAPI\ShoppingAPI.csproj", "{17D9B763-99A4-4405-AF8D-D936B2B6A0F5}"
EndProject
Global
	GlobalSection(SolutionConfigurationPlatforms) = preSolution
		Debug|Any CPU = Debug|Any CPU
		Release|Any CPU = Release|Any CPU
	EndGlobalSection
	GlobalSection(ProjectConfigurationPlatforms) = postSolution
		{17D9B763-99A4-4405-AF8D-D936B2B6A0F5}.Debug|Any CPU.ActiveCfg = Debug|Any CPU
		{17D9B763-99A4-4405-AF8D-D936B2B6A0F5}.Debug|Any CPU.Build.0 = Debug|Any CPU
		{17D9B763-99A4-4405-AF8D-D936B2B6A0F5}.Release|Any CPU.ActiveCfg = Release|Any CPU
		{17D9B763-99A4-4405-AF8D-D936B2B6A0F5}.Release|Any CPU.Build.0 = Release|Any CPU
	EndGlobalSection
	GlobalSection(SolutionProperties) = preSolution
		HideSolutionNode = FALSE
	EndGlobalSection
	GlobalSection(ExtensibilityGlobals) = postSolution
		SolutionGuid = {0FEC5E16-E3FC-4A8D-81AC-365791CB31F4}
	EndGlobalSection
EndGlobal
